
Microsoft Visual Studio Solution File, Format Version 12.00
# Visual Studio Version 17
VisualStudioVersion = 17.0.32112.339
MinimumVisualStudioVersion = 10.0.40219.1
Project("{FAE04EC0-301F-11D3-BF4B-00C04F79EFBC}") = "EmployeePerformanceTracker", "EmployeePerformanceTracker\EmployeePerformanceTracker.csproj", "{7F3A8AA8-0936-4F24-A7F0-656096002F67}"
EndProject
Global
	GlobalSection(SolutionConfigurationPlatforms) = preSolution
		Debug|Any CPU = Debug|Any CPU
		Release|Any CPU = Release|Any CPU
	EndGlobalSection
	GlobalSection(ProjectConfigurationPlatforms) = postSolution
		{7F3A8AA8-0936-4F24-A7F0-656096002F67}.Debug|Any CPU.ActiveCfg = Debug|Any CPU
		{7F3A8AA8-0936-4F24-A7F0-656096002F67}.Debug|Any CPU.Build.0 = Debug|Any CPU
		{7F3A8AA8-0936-4F24-A7F0-656096002F67}.Release|Any CPU.ActiveCfg = Release|Any CPU
		{7F3A8AA8-0936-4F24-A7F0-656096002F67}.Release|Any CPU.Build.0 = Release|Any CPU
	EndGlobalSection
	GlobalSection(SolutionProperties) = preSolution
		HideSolutionNode = FALSE
	EndGlobalSection
	GlobalSection(ExtensibilityGlobals) = postSolution
		SolutionGuid = {8DECC2C6-08D8-4B09-B622-E5375FFBF6C3}
	EndGlobalSection
EndGlobal
